{"lockfile-version":0,"manifest":{"hook":{"script":"\n\techo \"\"\n\n\t# ---\n\t# get ourselves a working python - right now, that\n\t# means a virtual environment\n\t#\n\t# this now lives in .flox instead of the main project root\n\n        if [ ! -d venv ]; then\n                echo -n \"🌏 creatin venv in .flox/flox-venv...\"\n                python -m venv .flox/flox-venv\n\t\techo \"boom!\"\n        fi\n\n        echo -n \"⚡️ activatin .flox/flox-venv...\"\n        . .flox/flox-venv/bin/activate\n\techo \"zing!\"\n\n\n\t# ---\n\t# install python deps into the virtual environment\n\n\tQUIET=\"-qq\"\n\n\tif [[ $(uname -m) == 'arm64' ]]; then\n        \techo -n \"🔦 pippin pytorch nightly...\"\n        \tpip3 $QUIET install --pre torch torchvision torchaudio --extra-index-url https://download.pytorch.org/whl/nightly/cpu\n\t\techo \"pow!\"\n\tfi\n\n        if [ -f requirements.txt ]; then\n        \techo -n \"🐍 pippin requirements.txt...\"\n        \tpip3 $QUIET install -r requirements.txt\n\t\techo \"zomg!\"\n\tfi\n\n\n\t# ---\n\t# set tha alias for our service and educate the user\n\n\talias start=\"jupyter notebook sdxl.ipynb\"\n\techo; echo \"🎉 all done! run 'start' to open the notebook or 'ls' if notebooks scare you\"\n"},"install":{"coreutils":null,"gcc":null,"pip":{"path":"python310Packages.pip"},"python3":{"path":"python3"},"python310":{"path":"python310"}},"registry":{"defaults":{"subtrees":null},"inputs":{"nixpkgs":{"from":{"owner":"NixOS","ref":"release-23.05","repo":"nixpkgs","type":"github"},"subtrees":["legacyPackages"]}},"priority":["nixpkgs"]}},"packages":{"x86_64-linux":{"coreutils":{"attr-path":["legacyPackages","x86_64-linux","coreutils"],"info":{"broken":false,"license":"GPL-3.0-or-later","pname":"coreutils","unfree":false,"version":"9.1"},"input":{"attrs":{"lastModified":1702761668,"narHash":"sha256-pjaa+C9fUvUBh2ebGha6zQdb6mpBBFCJW4WwYfId9+k=","owner":"NixOS","repo":"nixpkgs","rev":"94f88613cb335c6d52d4c87b4ee3275ead7092b5","type":"github"},"fingerprint":"2686a2e82f4a788b780c63292f2058cae88d9ac6fa95f404ba87c3f44bcbb713","url":"github:NixOS/nixpkgs/94f88613cb335c6d52d4c87b4ee3275ead7092b5"},"priority":5},"gcc":{"attr-path":["legacyPackages","x86_64-linux","gcc-unwrapped"],"info":{"broken":false,"license":"GPL-3.0-or-later","pname":"gcc","unfree":false,"version":"12.2.0"},"input":{"attrs":{"lastModified":1702761668,"narHash":"sha256-pjaa+C9fUvUBh2ebGha6zQdb6mpBBFCJW4WwYfId9+k=","owner":"NixOS","repo":"nixpkgs","rev":"94f88613cb335c6d52d4c87b4ee3275ead7092b5","type":"github"},"fingerprint":"2686a2e82f4a788b780c63292f2058cae88d9ac6fa95f404ba87c3f44bcbb713","url":"github:NixOS/nixpkgs/94f88613cb335c6d52d4c87b4ee3275ead7092b5"},"priority":5},"pip":{"attr-path":["legacyPackages","x86_64-linux","python310Packages","pip"],"info":{"broken":false,"license":null,"pname":"pip","unfree":false,"version":"23.0.1"},"input":{"attrs":{"lastModified":1702761668,"narHash":"sha256-pjaa+C9fUvUBh2ebGha6zQdb6mpBBFCJW4WwYfId9+k=","owner":"NixOS","repo":"nixpkgs","rev":"94f88613cb335c6d52d4c87b4ee3275ead7092b5","type":"github"},"fingerprint":"2686a2e82f4a788b780c63292f2058cae88d9ac6fa95f404ba87c3f44bcbb713","url":"github:NixOS/nixpkgs/94f88613cb335c6d52d4c87b4ee3275ead7092b5"},"priority":5},"python3":{"attr-path":["legacyPackages","x86_64-linux","python3"],"info":{"broken":false,"license":"Python-2.0","pname":"python3","unfree":false,"version":"3.10.13"},"input":{"attrs":{"lastModified":1702761668,"narHash":"sha256-pjaa+C9fUvUBh2ebGha6zQdb6mpBBFCJW4WwYfId9+k=","owner":"NixOS","repo":"nixpkgs","rev":"94f88613cb335c6d52d4c87b4ee3275ead7092b5","type":"github"},"fingerprint":"2686a2e82f4a788b780c63292f2058cae88d9ac6fa95f404ba87c3f44bcbb713","url":"github:NixOS/nixpkgs/94f88613cb335c6d52d4c87b4ee3275ead7092b5"},"priority":5},"python310":{"attr-path":["legacyPackages","x86_64-linux","python310"],"info":{"broken":false,"license":"Python-2.0","pname":"python3","unfree":false,"version":"3.10.13"},"input":{"attrs":{"lastModified":1702761668,"narHash":"sha256-pjaa+C9fUvUBh2ebGha6zQdb6mpBBFCJW4WwYfId9+k=","owner":"NixOS","repo":"nixpkgs","rev":"94f88613cb335c6d52d4c87b4ee3275ead7092b5","type":"github"},"fingerprint":"2686a2e82f4a788b780c63292f2058cae88d9ac6fa95f404ba87c3f44bcbb713","url":"github:NixOS/nixpkgs/94f88613cb335c6d52d4c87b4ee3275ead7092b5"},"priority":5}}},"registry":{"defaults":{"subtrees":null},"inputs":{"nixpkgs":{"from":{"lastModified":1702761668,"narHash":"sha256-pjaa+C9fUvUBh2ebGha6zQdb6mpBBFCJW4WwYfId9+k=","owner":"NixOS","repo":"nixpkgs","rev":"94f88613cb335c6d52d4c87b4ee3275ead7092b5","type":"github"},"subtrees":["legacyPackages"]}},"priority":["nixpkgs"]}}